
Microsoft Visual Studio Solution File, Format Version 12.00
# Visual Studio Version 17
VisualStudioVersion = 17.14.36616.10 d17.14
MinimumVisualStudioVersion = 10.0.40219.1
Project("{FAE04EC0-301F-11D3-BF4B-00C04F79EFBC}") = "Swan_Project", "Swan_Project\Swan_Project.csproj", "{BE2AA90F-CEB7-440F-97B5-873DC8A04848}"
EndProject
Global
	GlobalSection(SolutionConfigurationPlatforms) = preSolution
		Debug|Any CPU = Debug|Any CPU
		Release|Any CPU = Release|Any CPU
	EndGlobalSection
	GlobalSection(ProjectConfigurationPlatforms) = postSolution
		{BE2AA90F-CEB7-440F-97B5-873DC8A04848}.Debug|Any CPU.ActiveCfg = Debug|Any CPU
		{BE2AA90F-CEB7-440F-97B5-873DC8A04848}.Debug|Any CPU.Build.0 = Debug|Any CPU
		{BE2AA90F-CEB7-440F-97B5-873DC8A04848}.Release|Any CPU.ActiveCfg = Release|Any CPU
		{BE2AA90F-CEB7-440F-97B5-873DC8A04848}.Release|Any CPU.Build.0 = Release|Any CPU
	EndGlobalSection
	GlobalSection(SolutionProperties) = preSolution
		HideSolutionNode = FALSE
	EndGlobalSection
	GlobalSection(ExtensibilityGlobals) = postSolution
		SolutionGuid = {25C8EAEA-E5F9-4C29-8B21-B624045B2ADE}
	EndGlobalSection
EndGlobal
