
Microsoft Visual Studio Solution File, Format Version 12.00
# Visual Studio Version 17
VisualStudioVersion = 17.14.36616.10 d17.14
MinimumVisualStudioVersion = 10.0.40219.1
Project("{FAE04EC0-301F-11D3-BF4B-00C04F79EFBC}") = "Swan_Savannah_Project", "Swan_Savannah_Project\Swan_Savannah_Project.csproj", "{687FCDA3-4865-4851-B3F4-615D3AC86158}"
EndProject
Global
	GlobalSection(SolutionConfigurationPlatforms) = preSolution
		Debug|Any CPU = Debug|Any CPU
		Release|Any CPU = Release|Any CPU
	EndGlobalSection
	GlobalSection(ProjectConfigurationPlatforms) = postSolution
		{687FCDA3-4865-4851-B3F4-615D3AC86158}.Debug|Any CPU.ActiveCfg = Debug|Any CPU
		{687FCDA3-4865-4851-B3F4-615D3AC86158}.Debug|Any CPU.Build.0 = Debug|Any CPU
		{687FCDA3-4865-4851-B3F4-615D3AC86158}.Release|Any CPU.ActiveCfg = Release|Any CPU
		{687FCDA3-4865-4851-B3F4-615D3AC86158}.Release|Any CPU.Build.0 = Release|Any CPU
	EndGlobalSection
	GlobalSection(SolutionProperties) = preSolution
		HideSolutionNode = FALSE
	EndGlobalSection
	GlobalSection(ExtensibilityGlobals) = postSolution
		SolutionGuid = {8C36EAE1-1495-4751-B918-3CFA52C9F6E7}
	EndGlobalSection
EndGlobal
